
Microsoft Visual Studio Solution File, Format Version 12.00
# Visual Studio Version 17
VisualStudioVersion = 17.10.35201.131
MinimumVisualStudioVersion = 10.0.40219.1
Project("{FAE04EC0-301F-11D3-BF4B-00C04F79EFBC}") = "UseAzureAIServicesFromNET", "UseAzureAIServicesFromNET\UseAzureAIServicesFromNET.csproj", "{54786B94-1D17-4AAC-A7DA-25D230348972}"
EndProject
Global
	GlobalSection(SolutionConfigurationPlatforms) = preSolution
		Debug|Any CPU = Debug|Any CPU
		Release|Any CPU = Release|Any CPU
	EndGlobalSection
	GlobalSection(ProjectConfigurationPlatforms) = postSolution
		{54786B94-1D17-4AAC-A7DA-25D230348972}.Debug|Any CPU.ActiveCfg = Debug|Any CPU
		{54786B94-1D17-4AAC-A7DA-25D230348972}.Debug|Any CPU.Build.0 = Debug|Any CPU
		{54786B94-1D17-4AAC-A7DA-25D230348972}.Release|Any CPU.ActiveCfg = Release|Any CPU
		{54786B94-1D17-4AAC-A7DA-25D230348972}.Release|Any CPU.Build.0 = Release|Any CPU
	EndGlobalSection
	GlobalSection(SolutionProperties) = preSolution
		HideSolutionNode = FALSE
	EndGlobalSection
	GlobalSection(ExtensibilityGlobals) = postSolution
		SolutionGuid = {E8703A19-B11F-4660-9A0F-4D06A073BE7A}
	EndGlobalSection
EndGlobal
