
Microsoft Visual Studio Solution File, Format Version 12.00
# Visual Studio Version 17
VisualStudioVersion = 17.10.35201.131
MinimumVisualStudioVersion = 10.0.40219.1
Project("{FAE04EC0-301F-11D3-BF4B-00C04F79EFBC}") = "UseSemanticKernelFromNET", "UseSemanticKernelFromNET\UseSemanticKernelFromNET.csproj", "{7C853AD7-A9FA-4CA9-92C0-1F0E9A152321}"
EndProject
Global
	GlobalSection(SolutionConfigurationPlatforms) = preSolution
		Debug|Any CPU = Debug|Any CPU
		Release|Any CPU = Release|Any CPU
	EndGlobalSection
	GlobalSection(ProjectConfigurationPlatforms) = postSolution
		{7C853AD7-A9FA-4CA9-92C0-1F0E9A152321}.Debug|Any CPU.ActiveCfg = Debug|Any CPU
		{7C853AD7-A9FA-4CA9-92C0-1F0E9A152321}.Debug|Any CPU.Build.0 = Debug|Any CPU
		{7C853AD7-A9FA-4CA9-92C0-1F0E9A152321}.Release|Any CPU.ActiveCfg = Release|Any CPU
		{7C853AD7-A9FA-4CA9-92C0-1F0E9A152321}.Release|Any CPU.Build.0 = Release|Any CPU
	EndGlobalSection
	GlobalSection(SolutionProperties) = preSolution
		HideSolutionNode = FALSE
	EndGlobalSection
	GlobalSection(ExtensibilityGlobals) = postSolution
		SolutionGuid = {85848BAB-5D6D-4BAF-BE2D-4142FB590175}
	EndGlobalSection
EndGlobal
